
Microsoft Visual Studio Solution File, Format Version 12.00
# Visual Studio Version 17
VisualStudioVersion = 17.4.33205.214
MinimumVisualStudioVersion = 10.0.40219.1
Project("{9A19103F-16F7-4668-BE54-9A1E7A4F7556}") = "HomeWork3", "HomeWork\HomeWork3.csproj", "{D2B6DF1C-13E6-47E7-90B1-386B71AF5F33}"
EndProject
Project("{9A19103F-16F7-4668-BE54-9A1E7A4F7556}") = "HomeWork4", "HomeWork4\HomeWork4.csproj", "{3B9492CE-FA6B-4088-A570-FF3EF76A2E9F}"
EndProject
Project("{9A19103F-16F7-4668-BE54-9A1E7A4F7556}") = "HomeWork5", "HomeWork5\HomeWork5.csproj", "{6374DEF3-8C19-4AAF-85AF-A58E8D3000F9}"
EndProject
Project("{9A19103F-16F7-4668-BE54-9A1E7A4F7556}") = "HomeWork6", "HomeWork6\HomeWork6.csproj", "{128F67B3-AD9A-42AF-89A4-44AE08B15D1D}"
EndProject
Project("{9A19103F-16F7-4668-BE54-9A1E7A4F7556}") = "HomeWork8", "HomeWork8\HomeWork8.csproj", "{6756D273-282B-4E14-A9C5-09AD9444CF7D}"
EndProject
Project("{FAE04EC0-301F-11D3-BF4B-00C04F79EFBC}") = "HomeWork9", "HomeWork9\HomeWork9.csproj", "{48359709-B4B7-4829-8EF2-09EFB81C559E}"
EndProject
Global
	GlobalSection(SolutionConfigurationPlatforms) = preSolution
		Debug|Any CPU = Debug|Any CPU
		Release|Any CPU = Release|Any CPU
	EndGlobalSection
	GlobalSection(ProjectConfigurationPlatforms) = postSolution
		{D2B6DF1C-13E6-47E7-90B1-386B71AF5F33}.Debug|Any CPU.ActiveCfg = Debug|Any CPU
		{D2B6DF1C-13E6-47E7-90B1-386B71AF5F33}.Debug|Any CPU.Build.0 = Debug|Any CPU
		{D2B6DF1C-13E6-47E7-90B1-386B71AF5F33}.Release|Any CPU.ActiveCfg = Release|Any CPU
		{D2B6DF1C-13E6-47E7-90B1-386B71AF5F33}.Release|Any CPU.Build.0 = Release|Any CPU
		{3B9492CE-FA6B-4088-A570-FF3EF76A2E9F}.Debug|Any CPU.ActiveCfg = Debug|Any CPU
		{3B9492CE-FA6B-4088-A570-FF3EF76A2E9F}.Debug|Any CPU.Build.0 = Debug|Any CPU
		{3B9492CE-FA6B-4088-A570-FF3EF76A2E9F}.Release|Any CPU.ActiveCfg = Release|Any CPU
		{3B9492CE-FA6B-4088-A570-FF3EF76A2E9F}.Release|Any CPU.Build.0 = Release|Any CPU
		{6374DEF3-8C19-4AAF-85AF-A58E8D3000F9}.Debug|Any CPU.ActiveCfg = Debug|Any CPU
		{6374DEF3-8C19-4AAF-85AF-A58E8D3000F9}.Debug|Any CPU.Build.0 = Debug|Any CPU
		{6374DEF3-8C19-4AAF-85AF-A58E8D3000F9}.Release|Any CPU.ActiveCfg = Release|Any CPU
		{6374DEF3-8C19-4AAF-85AF-A58E8D3000F9}.Release|Any CPU.Build.0 = Release|Any CPU
		{128F67B3-AD9A-42AF-89A4-44AE08B15D1D}.Debug|Any CPU.ActiveCfg = Debug|Any CPU
		{128F67B3-AD9A-42AF-89A4-44AE08B15D1D}.Debug|Any CPU.Build.0 = Debug|Any CPU
		{128F67B3-AD9A-42AF-89A4-44AE08B15D1D}.Release|Any CPU.ActiveCfg = Release|Any CPU
		{128F67B3-AD9A-42AF-89A4-44AE08B15D1D}.Release|Any CPU.Build.0 = Release|Any CPU
		{6756D273-282B-4E14-A9C5-09AD9444CF7D}.Debug|Any CPU.ActiveCfg = Debug|Any CPU
		{6756D273-282B-4E14-A9C5-09AD9444CF7D}.Debug|Any CPU.Build.0 = Debug|Any CPU
		{6756D273-282B-4E14-A9C5-09AD9444CF7D}.Release|Any CPU.ActiveCfg = Release|Any CPU
		{6756D273-282B-4E14-A9C5-09AD9444CF7D}.Release|Any CPU.Build.0 = Release|Any CPU
		{48359709-B4B7-4829-8EF2-09EFB81C559E}.Debug|Any CPU.ActiveCfg = Debug|Any CPU
		{48359709-B4B7-4829-8EF2-09EFB81C559E}.Debug|Any CPU.Build.0 = Debug|Any CPU
		{48359709-B4B7-4829-8EF2-09EFB81C559E}.Release|Any CPU.ActiveCfg = Release|Any CPU
		{48359709-B4B7-4829-8EF2-09EFB81C559E}.Release|Any CPU.Build.0 = Release|Any CPU
	EndGlobalSection
	GlobalSection(SolutionProperties) = preSolution
		HideSolutionNode = FALSE
	EndGlobalSection
	GlobalSection(ExtensibilityGlobals) = postSolution
		SolutionGuid = {AC616B83-39CB-4EE1-9485-71FACA80BD2C}
	EndGlobalSection
EndGlobal
