
Microsoft Visual Studio Solution File, Format Version 12.00
# Visual Studio Version 17
VisualStudioVersion = 17.4.33205.214
MinimumVisualStudioVersion = 10.0.40219.1
Project("{9A19103F-16F7-4668-BE54-9A1E7A4F7556}") = "HomeWork3", "HomeWork\HomeWork3.csproj", "{D2B6DF1C-13E6-47E7-90B1-386B71AF5F33}"
EndProject
Project("{9A19103F-16F7-4668-BE54-9A1E7A4F7556}") = "HomeWork4", "HomeWork4\HomeWork4.csproj", "{3B9492CE-FA6B-4088-A570-FF3EF76A2E9F}"
EndProject
Project("{9A19103F-16F7-4668-BE54-9A1E7A4F7556}") = "HomeWork5", "HomeWork5\HomeWork5.csproj", "{6374DEF3-8C19-4AAF-85AF-A58E8D3000F9}"
EndProject
Project("{9A19103F-16F7-4668-BE54-9A1E7A4F7556}") = "HomeWork6", "HomeWork6\HomeWork6.csproj", "{128F67B3-AD9A-42AF-89A4-44AE08B15D1D}"
EndProject
Project("{9A19103F-16F7-4668-BE54-9A1E7A4F7556}") = "HomeWork8", "HomeWork8\HomeWork8.csproj", "{6756D273-282B-4E14-A9C5-09AD9444CF7D}"
EndProject
Project("{9A19103F-16F7-4668-BE54-9A1E7A4F7556}") = "HomeWork9", "HomeWork9\HomeWork9.csproj", "{48359709-B4B7-4829-8EF2-09EFB81C559E}"
EndProject
Project("{2150E333-8FDC-42A3-9474-1A3956D46DE8}") = "Seminar part 2", "Seminar part 2", "{4B5DE4BE-B656-453B-891C-F510EE38C55B}"
EndProject
Project("{9A19103F-16F7-4668-BE54-9A1E7A4F7556}") = "Network.Client", "NetWork\Network.Client\Network.Client.csproj", "{470FFD9D-A785-4078-B168-3F4C47B08670}"
EndProject
Project("{9A19103F-16F7-4668-BE54-9A1E7A4F7556}") = "Network.SDK", "NetWork\Network.SDK\Network.SDK.csproj", "{82608B7F-9683-4FD8-8647-63A2503A616A}"
EndProject
Project("{9A19103F-16F7-4668-BE54-9A1E7A4F7556}") = "Network.Server", "NetWork\Network.Server\Network.Server.csproj", "{5E539A9F-BA05-460B-888F-ABC5B8C3DD47}"
EndProject
Project("{9A19103F-16F7-4668-BE54-9A1E7A4F7556}") = "ASP.Net.Application", "ASP.Net.Application\ASP.Net.Application.csproj", "{C3601D1C-3156-41DC-B7BD-6A73A905CB7B}"
EndProject
Project("{9A19103F-16F7-4668-BE54-9A1E7A4F7556}") = "ASP.Net.Application.SDK", "ASP.Net.Application.SDK\ASP.Net.Application.SDK.csproj", "{E7B61007-ED72-4B90-9508-43A560AB1BD7}"
EndProject
Project("{9A19103F-16F7-4668-BE54-9A1E7A4F7556}") = "EFSeminar", "EFSeminar\EFSeminar.csproj", "{28AE3FE5-6CDC-4CF2-B54E-8C23D9CE19A8}"
EndProject
Project("{9A19103F-16F7-4668-BE54-9A1E7A4F7556}") = "Network.Client.Test", "Network.Client.Test\Network.Client.Test.csproj", "{838E2E28-9DF6-4DCC-9E1B-CCDD90C8E2B7}"
EndProject
Project("{2150E333-8FDC-42A3-9474-1A3956D46DE8}") = "NetMQ", "NetMQ", "{4E6FAA79-C2D2-4BE5-BEFD-1C6D9C5EA71B}"
EndProject
Project("{9A19103F-16F7-4668-BE54-9A1E7A4F7556}") = "NetMQExample", "NetMQClient\NetMQExample.csproj", "{3532D176-3534-4CA8-A959-C07214A786F9}"
EndProject
Project("{9A19103F-16F7-4668-BE54-9A1E7A4F7556}") = "Seminar3.3", "Seminar3.3\Seminar3.3.csproj", "{E065C7A1-7A93-4C10-A516-2A7DC3986167}"
EndProject
Project("{2150E333-8FDC-42A3-9474-1A3956D46DE8}") = "WebApi", "WebApi", "{E8A2F3B2-03BE-4E2E-A9AD-D6719FAABD6C}"
EndProject
Project("{9A19103F-16F7-4668-BE54-9A1E7A4F7556}") = "StorageApi", "StorageApi\StorageApi.csproj", "{DAE4C29D-689C-484E-A174-F187FA670E6E}"
EndProject
Project("{9A19103F-16F7-4668-BE54-9A1E7A4F7556}") = "ASP.Net.GateWay", "ASP.Net.GateWay\ASP.Net.GateWay.csproj", "{CFDD7E5F-1F17-4B9C-B1A9-A9DB99152C89}"
EndProject
Project("{2150E333-8FDC-42A3-9474-1A3956D46DE8}") = "Seminar3.4", "Seminar3.4", "{12DD35AB-8D4C-4858-907B-EC9713F7BD1C}"
EndProject
Project("{FAE04EC0-301F-11D3-BF4B-00C04F79EFBC}") = "GraphQl", "GraphQl\GraphQl.csproj", "{2E2BBAA8-086C-4AF6-A945-66C9BB733905}"
EndProject
Project("{FAE04EC0-301F-11D3-BF4B-00C04F79EFBC}") = "SeminarApi", "SeminarApi\SeminarApi.csproj", "{95AF569F-D876-4B13-ABF9-D51967917BD8}"
EndProject
Global
	GlobalSection(SolutionConfigurationPlatforms) = preSolution
		Debug|Any CPU = Debug|Any CPU
		Release|Any CPU = Release|Any CPU
	EndGlobalSection
	GlobalSection(ProjectConfigurationPlatforms) = postSolution
		{D2B6DF1C-13E6-47E7-90B1-386B71AF5F33}.Debug|Any CPU.ActiveCfg = Debug|Any CPU
		{D2B6DF1C-13E6-47E7-90B1-386B71AF5F33}.Debug|Any CPU.Build.0 = Debug|Any CPU
		{D2B6DF1C-13E6-47E7-90B1-386B71AF5F33}.Release|Any CPU.ActiveCfg = Release|Any CPU
		{D2B6DF1C-13E6-47E7-90B1-386B71AF5F33}.Release|Any CPU.Build.0 = Release|Any CPU
		{3B9492CE-FA6B-4088-A570-FF3EF76A2E9F}.Debug|Any CPU.ActiveCfg = Debug|Any CPU
		{3B9492CE-FA6B-4088-A570-FF3EF76A2E9F}.Debug|Any CPU.Build.0 = Debug|Any CPU
		{3B9492CE-FA6B-4088-A570-FF3EF76A2E9F}.Release|Any CPU.ActiveCfg = Release|Any CPU
		{3B9492CE-FA6B-4088-A570-FF3EF76A2E9F}.Release|Any CPU.Build.0 = Release|Any CPU
		{6374DEF3-8C19-4AAF-85AF-A58E8D3000F9}.Debug|Any CPU.ActiveCfg = Debug|Any CPU
		{6374DEF3-8C19-4AAF-85AF-A58E8D3000F9}.Debug|Any CPU.Build.0 = Debug|Any CPU
		{6374DEF3-8C19-4AAF-85AF-A58E8D3000F9}.Release|Any CPU.ActiveCfg = Release|Any CPU
		{6374DEF3-8C19-4AAF-85AF-A58E8D3000F9}.Release|Any CPU.Build.0 = Release|Any CPU
		{128F67B3-AD9A-42AF-89A4-44AE08B15D1D}.Debug|Any CPU.ActiveCfg = Debug|Any CPU
		{128F67B3-AD9A-42AF-89A4-44AE08B15D1D}.Debug|Any CPU.Build.0 = Debug|Any CPU
		{128F67B3-AD9A-42AF-89A4-44AE08B15D1D}.Release|Any CPU.ActiveCfg = Release|Any CPU
		{128F67B3-AD9A-42AF-89A4-44AE08B15D1D}.Release|Any CPU.Build.0 = Release|Any CPU
		{6756D273-282B-4E14-A9C5-09AD9444CF7D}.Debug|Any CPU.ActiveCfg = Debug|Any CPU
		{6756D273-282B-4E14-A9C5-09AD9444CF7D}.Debug|Any CPU.Build.0 = Debug|Any CPU
		{6756D273-282B-4E14-A9C5-09AD9444CF7D}.Release|Any CPU.ActiveCfg = Release|Any CPU
		{6756D273-282B-4E14-A9C5-09AD9444CF7D}.Release|Any CPU.Build.0 = Release|Any CPU
		{48359709-B4B7-4829-8EF2-09EFB81C559E}.Debug|Any CPU.ActiveCfg = Debug|Any CPU
		{48359709-B4B7-4829-8EF2-09EFB81C559E}.Debug|Any CPU.Build.0 = Debug|Any CPU
		{48359709-B4B7-4829-8EF2-09EFB81C559E}.Release|Any CPU.ActiveCfg = Release|Any CPU
		{48359709-B4B7-4829-8EF2-09EFB81C559E}.Release|Any CPU.Build.0 = Release|Any CPU
		{470FFD9D-A785-4078-B168-3F4C47B08670}.Debug|Any CPU.ActiveCfg = Debug|Any CPU
		{470FFD9D-A785-4078-B168-3F4C47B08670}.Debug|Any CPU.Build.0 = Debug|Any CPU
		{470FFD9D-A785-4078-B168-3F4C47B08670}.Release|Any CPU.ActiveCfg = Release|Any CPU
		{470FFD9D-A785-4078-B168-3F4C47B08670}.Release|Any CPU.Build.0 = Release|Any CPU
		{82608B7F-9683-4FD8-8647-63A2503A616A}.Debug|Any CPU.ActiveCfg = Debug|Any CPU
		{82608B7F-9683-4FD8-8647-63A2503A616A}.Debug|Any CPU.Build.0 = Debug|Any CPU
		{82608B7F-9683-4FD8-8647-63A2503A616A}.Release|Any CPU.ActiveCfg = Release|Any CPU
		{82608B7F-9683-4FD8-8647-63A2503A616A}.Release|Any CPU.Build.0 = Release|Any CPU
		{5E539A9F-BA05-460B-888F-ABC5B8C3DD47}.Debug|Any CPU.ActiveCfg = Debug|Any CPU
		{5E539A9F-BA05-460B-888F-ABC5B8C3DD47}.Debug|Any CPU.Build.0 = Debug|Any CPU
		{5E539A9F-BA05-460B-888F-ABC5B8C3DD47}.Release|Any CPU.ActiveCfg = Release|Any CPU
		{5E539A9F-BA05-460B-888F-ABC5B8C3DD47}.Release|Any CPU.Build.0 = Release|Any CPU
		{C3601D1C-3156-41DC-B7BD-6A73A905CB7B}.Debug|Any CPU.ActiveCfg = Debug|Any CPU
		{C3601D1C-3156-41DC-B7BD-6A73A905CB7B}.Debug|Any CPU.Build.0 = Debug|Any CPU
		{C3601D1C-3156-41DC-B7BD-6A73A905CB7B}.Release|Any CPU.ActiveCfg = Release|Any CPU
		{C3601D1C-3156-41DC-B7BD-6A73A905CB7B}.Release|Any CPU.Build.0 = Release|Any CPU
		{E7B61007-ED72-4B90-9508-43A560AB1BD7}.Debug|Any CPU.ActiveCfg = Debug|Any CPU
		{E7B61007-ED72-4B90-9508-43A560AB1BD7}.Debug|Any CPU.Build.0 = Debug|Any CPU
		{E7B61007-ED72-4B90-9508-43A560AB1BD7}.Release|Any CPU.ActiveCfg = Release|Any CPU
		{E7B61007-ED72-4B90-9508-43A560AB1BD7}.Release|Any CPU.Build.0 = Release|Any CPU
		{28AE3FE5-6CDC-4CF2-B54E-8C23D9CE19A8}.Debug|Any CPU.ActiveCfg = Debug|Any CPU
		{28AE3FE5-6CDC-4CF2-B54E-8C23D9CE19A8}.Debug|Any CPU.Build.0 = Debug|Any CPU
		{28AE3FE5-6CDC-4CF2-B54E-8C23D9CE19A8}.Release|Any CPU.ActiveCfg = Release|Any CPU
		{28AE3FE5-6CDC-4CF2-B54E-8C23D9CE19A8}.Release|Any CPU.Build.0 = Release|Any CPU
		{838E2E28-9DF6-4DCC-9E1B-CCDD90C8E2B7}.Debug|Any CPU.ActiveCfg = Debug|Any CPU
		{838E2E28-9DF6-4DCC-9E1B-CCDD90C8E2B7}.Debug|Any CPU.Build.0 = Debug|Any CPU
		{838E2E28-9DF6-4DCC-9E1B-CCDD90C8E2B7}.Release|Any CPU.ActiveCfg = Release|Any CPU
		{838E2E28-9DF6-4DCC-9E1B-CCDD90C8E2B7}.Release|Any CPU.Build.0 = Release|Any CPU
		{3532D176-3534-4CA8-A959-C07214A786F9}.Debug|Any CPU.ActiveCfg = Debug|Any CPU
		{3532D176-3534-4CA8-A959-C07214A786F9}.Debug|Any CPU.Build.0 = Debug|Any CPU
		{3532D176-3534-4CA8-A959-C07214A786F9}.Release|Any CPU.ActiveCfg = Release|Any CPU
		{3532D176-3534-4CA8-A959-C07214A786F9}.Release|Any CPU.Build.0 = Release|Any CPU
		{E065C7A1-7A93-4C10-A516-2A7DC3986167}.Debug|Any CPU.ActiveCfg = Debug|Any CPU
		{E065C7A1-7A93-4C10-A516-2A7DC3986167}.Debug|Any CPU.Build.0 = Debug|Any CPU
		{E065C7A1-7A93-4C10-A516-2A7DC3986167}.Release|Any CPU.ActiveCfg = Release|Any CPU
		{E065C7A1-7A93-4C10-A516-2A7DC3986167}.Release|Any CPU.Build.0 = Release|Any CPU
		{DAE4C29D-689C-484E-A174-F187FA670E6E}.Debug|Any CPU.ActiveCfg = Debug|Any CPU
		{DAE4C29D-689C-484E-A174-F187FA670E6E}.Debug|Any CPU.Build.0 = Debug|Any CPU
		{DAE4C29D-689C-484E-A174-F187FA670E6E}.Release|Any CPU.ActiveCfg = Release|Any CPU
		{DAE4C29D-689C-484E-A174-F187FA670E6E}.Release|Any CPU.Build.0 = Release|Any CPU
		{CFDD7E5F-1F17-4B9C-B1A9-A9DB99152C89}.Debug|Any CPU.ActiveCfg = Debug|Any CPU
		{CFDD7E5F-1F17-4B9C-B1A9-A9DB99152C89}.Debug|Any CPU.Build.0 = Debug|Any CPU
		{CFDD7E5F-1F17-4B9C-B1A9-A9DB99152C89}.Release|Any CPU.ActiveCfg = Release|Any CPU
		{CFDD7E5F-1F17-4B9C-B1A9-A9DB99152C89}.Release|Any CPU.Build.0 = Release|Any CPU
		{2E2BBAA8-086C-4AF6-A945-66C9BB733905}.Debug|Any CPU.ActiveCfg = Debug|Any CPU
		{2E2BBAA8-086C-4AF6-A945-66C9BB733905}.Debug|Any CPU.Build.0 = Debug|Any CPU
		{2E2BBAA8-086C-4AF6-A945-66C9BB733905}.Release|Any CPU.ActiveCfg = Release|Any CPU
		{2E2BBAA8-086C-4AF6-A945-66C9BB733905}.Release|Any CPU.Build.0 = Release|Any CPU
		{95AF569F-D876-4B13-ABF9-D51967917BD8}.Debug|Any CPU.ActiveCfg = Debug|Any CPU
		{95AF569F-D876-4B13-ABF9-D51967917BD8}.Debug|Any CPU.Build.0 = Debug|Any CPU
		{95AF569F-D876-4B13-ABF9-D51967917BD8}.Release|Any CPU.ActiveCfg = Release|Any CPU
		{95AF569F-D876-4B13-ABF9-D51967917BD8}.Release|Any CPU.Build.0 = Release|Any CPU
	EndGlobalSection
	GlobalSection(SolutionProperties) = preSolution
		HideSolutionNode = FALSE
	EndGlobalSection
	GlobalSection(NestedProjects) = preSolution
		{470FFD9D-A785-4078-B168-3F4C47B08670} = {4B5DE4BE-B656-453B-891C-F510EE38C55B}
		{82608B7F-9683-4FD8-8647-63A2503A616A} = {4B5DE4BE-B656-453B-891C-F510EE38C55B}
		{5E539A9F-BA05-460B-888F-ABC5B8C3DD47} = {4B5DE4BE-B656-453B-891C-F510EE38C55B}
		{C3601D1C-3156-41DC-B7BD-6A73A905CB7B} = {E8A2F3B2-03BE-4E2E-A9AD-D6719FAABD6C}
		{E7B61007-ED72-4B90-9508-43A560AB1BD7} = {E8A2F3B2-03BE-4E2E-A9AD-D6719FAABD6C}
		{28AE3FE5-6CDC-4CF2-B54E-8C23D9CE19A8} = {4B5DE4BE-B656-453B-891C-F510EE38C55B}
		{838E2E28-9DF6-4DCC-9E1B-CCDD90C8E2B7} = {4B5DE4BE-B656-453B-891C-F510EE38C55B}
		{4E6FAA79-C2D2-4BE5-BEFD-1C6D9C5EA71B} = {4B5DE4BE-B656-453B-891C-F510EE38C55B}
		{3532D176-3534-4CA8-A959-C07214A786F9} = {4E6FAA79-C2D2-4BE5-BEFD-1C6D9C5EA71B}
		{DAE4C29D-689C-484E-A174-F187FA670E6E} = {E8A2F3B2-03BE-4E2E-A9AD-D6719FAABD6C}
		{CFDD7E5F-1F17-4B9C-B1A9-A9DB99152C89} = {E8A2F3B2-03BE-4E2E-A9AD-D6719FAABD6C}
		{2E2BBAA8-086C-4AF6-A945-66C9BB733905} = {12DD35AB-8D4C-4858-907B-EC9713F7BD1C}
		{95AF569F-D876-4B13-ABF9-D51967917BD8} = {12DD35AB-8D4C-4858-907B-EC9713F7BD1C}
	EndGlobalSection
	GlobalSection(ExtensibilityGlobals) = postSolution
		SolutionGuid = {AC616B83-39CB-4EE1-9485-71FACA80BD2C}
	EndGlobalSection
EndGlobal
