
Microsoft Visual Studio Solution File, Format Version 12.00
# Visual Studio Version 17
VisualStudioVersion = 17.2.32616.157
MinimumVisualStudioVersion = 10.0.40219.1
Project("{9A19103F-16F7-4668-BE54-9A1E7A4F7556}") = "Test", "Test\Test.csproj", "{EE2B006F-6D0C-4CAC-939D-A8C8EB8B1531}"
EndProject
Global
	GlobalSection(SolutionConfigurationPlatforms) = preSolution
		Debug|Any CPU = Debug|Any CPU
		Release|Any CPU = Release|Any CPU
	EndGlobalSection
	GlobalSection(ProjectConfigurationPlatforms) = postSolution
		{EE2B006F-6D0C-4CAC-939D-A8C8EB8B1531}.Debug|Any CPU.ActiveCfg = Debug|Any CPU
		{EE2B006F-6D0C-4CAC-939D-A8C8EB8B1531}.Debug|Any CPU.Build.0 = Debug|Any CPU
		{EE2B006F-6D0C-4CAC-939D-A8C8EB8B1531}.Release|Any CPU.ActiveCfg = Release|Any CPU
		{EE2B006F-6D0C-4CAC-939D-A8C8EB8B1531}.Release|Any CPU.Build.0 = Release|Any CPU
	EndGlobalSection
	GlobalSection(SolutionProperties) = preSolution
		HideSolutionNode = FALSE
	EndGlobalSection
	GlobalSection(ExtensibilityGlobals) = postSolution
		SolutionGuid = {FE186DAF-E8CB-4210-890A-71AE868F4096}
	EndGlobalSection
EndGlobal
