
Microsoft Visual Studio Solution File, Format Version 12.00
# Visual Studio Version 17
VisualStudioVersion = 17.4.33205.214
MinimumVisualStudioVersion = 10.0.40219.1
Project("{FAE04EC0-301F-11D3-BF4B-00C04F79EFBC}") = "Http", "Http\Http.csproj", "{8B9DA7DB-279A-4DEF-93B6-97F466A577FD}"
EndProject
Global
	GlobalSection(SolutionConfigurationPlatforms) = preSolution
		Debug|Any CPU = Debug|Any CPU
		Release|Any CPU = Release|Any CPU
	EndGlobalSection
	GlobalSection(ProjectConfigurationPlatforms) = postSolution
		{8B9DA7DB-279A-4DEF-93B6-97F466A577FD}.Debug|Any CPU.ActiveCfg = Debug|Any CPU
		{8B9DA7DB-279A-4DEF-93B6-97F466A577FD}.Debug|Any CPU.Build.0 = Debug|Any CPU
		{8B9DA7DB-279A-4DEF-93B6-97F466A577FD}.Release|Any CPU.ActiveCfg = Release|Any CPU
		{8B9DA7DB-279A-4DEF-93B6-97F466A577FD}.Release|Any CPU.Build.0 = Release|Any CPU
	EndGlobalSection
	GlobalSection(SolutionProperties) = preSolution
		HideSolutionNode = FALSE
	EndGlobalSection
	GlobalSection(ExtensibilityGlobals) = postSolution
		SolutionGuid = {16EB3FA5-055F-40C3-9C27-F261AA83413D}
	EndGlobalSection
EndGlobal
