
Microsoft Visual Studio Solution File, Format Version 12.00
# Visual Studio Version 17
VisualStudioVersion = 17.4.33205.214
MinimumVisualStudioVersion = 10.0.40219.1
Project("{9A19103F-16F7-4668-BE54-9A1E7A4F7556}") = "TCP_UDP_DNS", "TCP_UDP_DNS\TCP_UDP_DNS.csproj", "{FEE40024-9E9C-483D-B982-17961EDDC55B}"
EndProject
Project("{9A19103F-16F7-4668-BE54-9A1E7A4F7556}") = "Clients", "Clients\Clients.csproj", "{26116985-7252-4027-AE2B-4DE1F7E223A1}"
EndProject
Project("{2150E333-8FDC-42A3-9474-1A3956D46DE8}") = "MIcroservice", "MIcroservice", "{BD7182E0-F40C-4187-A5F4-CFAB01CF46DA}"
EndProject
Project("{9A19103F-16F7-4668-BE54-9A1E7A4F7556}") = "UserApi", "UserApi\UserApi.csproj", "{01F1007D-C072-4365-945D-53A5CB21B8C3}"
EndProject
Project("{FAE04EC0-301F-11D3-BF4B-00C04F79EFBC}") = "LibraryApi", "LibraryApi\LibraryApi.csproj", "{2C8F2AA3-E53C-40C3-93AC-E0A233DEC89F}"
EndProject
Project("{FAE04EC0-301F-11D3-BF4B-00C04F79EFBC}") = "ClientsBooksApi", "ClientsBooksApi\ClientsBooksApi.csproj", "{0AF3573C-277F-4448-B47C-7D881AAE8B99}"
EndProject
Project("{FAE04EC0-301F-11D3-BF4B-00C04F79EFBC}") = "ApiGw", "ApiGw\ApiGw.csproj", "{AEA0BEC8-D570-4184-A0BD-761EA0F8AD01}"
EndProject
Project("{FAE04EC0-301F-11D3-BF4B-00C04F79EFBC}") = "GraphQl", "GraphQl\GraphQl.csproj", "{B35870F3-4DC3-4C2C-BA53-300C4051486B}"
EndProject
Global
	GlobalSection(SolutionConfigurationPlatforms) = preSolution
		Debug|Any CPU = Debug|Any CPU
		Release|Any CPU = Release|Any CPU
	EndGlobalSection
	GlobalSection(ProjectConfigurationPlatforms) = postSolution
		{FEE40024-9E9C-483D-B982-17961EDDC55B}.Debug|Any CPU.ActiveCfg = Debug|Any CPU
		{FEE40024-9E9C-483D-B982-17961EDDC55B}.Debug|Any CPU.Build.0 = Debug|Any CPU
		{FEE40024-9E9C-483D-B982-17961EDDC55B}.Release|Any CPU.ActiveCfg = Release|Any CPU
		{FEE40024-9E9C-483D-B982-17961EDDC55B}.Release|Any CPU.Build.0 = Release|Any CPU
		{26116985-7252-4027-AE2B-4DE1F7E223A1}.Debug|Any CPU.ActiveCfg = Debug|Any CPU
		{26116985-7252-4027-AE2B-4DE1F7E223A1}.Debug|Any CPU.Build.0 = Debug|Any CPU
		{26116985-7252-4027-AE2B-4DE1F7E223A1}.Release|Any CPU.ActiveCfg = Release|Any CPU
		{26116985-7252-4027-AE2B-4DE1F7E223A1}.Release|Any CPU.Build.0 = Release|Any CPU
		{01F1007D-C072-4365-945D-53A5CB21B8C3}.Debug|Any CPU.ActiveCfg = Debug|Any CPU
		{01F1007D-C072-4365-945D-53A5CB21B8C3}.Debug|Any CPU.Build.0 = Debug|Any CPU
		{01F1007D-C072-4365-945D-53A5CB21B8C3}.Release|Any CPU.ActiveCfg = Release|Any CPU
		{01F1007D-C072-4365-945D-53A5CB21B8C3}.Release|Any CPU.Build.0 = Release|Any CPU
		{2C8F2AA3-E53C-40C3-93AC-E0A233DEC89F}.Debug|Any CPU.ActiveCfg = Debug|Any CPU
		{2C8F2AA3-E53C-40C3-93AC-E0A233DEC89F}.Debug|Any CPU.Build.0 = Debug|Any CPU
		{2C8F2AA3-E53C-40C3-93AC-E0A233DEC89F}.Release|Any CPU.ActiveCfg = Release|Any CPU
		{2C8F2AA3-E53C-40C3-93AC-E0A233DEC89F}.Release|Any CPU.Build.0 = Release|Any CPU
		{0AF3573C-277F-4448-B47C-7D881AAE8B99}.Debug|Any CPU.ActiveCfg = Debug|Any CPU
		{0AF3573C-277F-4448-B47C-7D881AAE8B99}.Debug|Any CPU.Build.0 = Debug|Any CPU
		{0AF3573C-277F-4448-B47C-7D881AAE8B99}.Release|Any CPU.ActiveCfg = Release|Any CPU
		{0AF3573C-277F-4448-B47C-7D881AAE8B99}.Release|Any CPU.Build.0 = Release|Any CPU
		{AEA0BEC8-D570-4184-A0BD-761EA0F8AD01}.Debug|Any CPU.ActiveCfg = Debug|Any CPU
		{AEA0BEC8-D570-4184-A0BD-761EA0F8AD01}.Debug|Any CPU.Build.0 = Debug|Any CPU
		{AEA0BEC8-D570-4184-A0BD-761EA0F8AD01}.Release|Any CPU.ActiveCfg = Release|Any CPU
		{AEA0BEC8-D570-4184-A0BD-761EA0F8AD01}.Release|Any CPU.Build.0 = Release|Any CPU
		{B35870F3-4DC3-4C2C-BA53-300C4051486B}.Debug|Any CPU.ActiveCfg = Debug|Any CPU
		{B35870F3-4DC3-4C2C-BA53-300C4051486B}.Debug|Any CPU.Build.0 = Debug|Any CPU
		{B35870F3-4DC3-4C2C-BA53-300C4051486B}.Release|Any CPU.ActiveCfg = Release|Any CPU
		{B35870F3-4DC3-4C2C-BA53-300C4051486B}.Release|Any CPU.Build.0 = Release|Any CPU
	EndGlobalSection
	GlobalSection(SolutionProperties) = preSolution
		HideSolutionNode = FALSE
	EndGlobalSection
	GlobalSection(NestedProjects) = preSolution
		{01F1007D-C072-4365-945D-53A5CB21B8C3} = {BD7182E0-F40C-4187-A5F4-CFAB01CF46DA}
		{2C8F2AA3-E53C-40C3-93AC-E0A233DEC89F} = {BD7182E0-F40C-4187-A5F4-CFAB01CF46DA}
		{0AF3573C-277F-4448-B47C-7D881AAE8B99} = {BD7182E0-F40C-4187-A5F4-CFAB01CF46DA}
		{AEA0BEC8-D570-4184-A0BD-761EA0F8AD01} = {BD7182E0-F40C-4187-A5F4-CFAB01CF46DA}
		{B35870F3-4DC3-4C2C-BA53-300C4051486B} = {BD7182E0-F40C-4187-A5F4-CFAB01CF46DA}
	EndGlobalSection
	GlobalSection(ExtensibilityGlobals) = postSolution
		SolutionGuid = {88542CCC-7A4A-4691-8F1E-88BC9257B201}
	EndGlobalSection
EndGlobal
